
Microsoft Visual Studio Solution File, Format Version 12.00
# Visual Studio Version 17
VisualStudioVersion = 17.9.34723.18
MinimumVisualStudioVersion = 10.0.40219.1
Project("{FAE04EC0-301F-11D3-BF4B-00C04F79EFBC}") = "Transaction3", "Transaction3\Transaction3.csproj", "{474611D6-5FD6-4A6B-BA3E-EF0559143C69}"
EndProject
Global
	GlobalSection(SolutionConfigurationPlatforms) = preSolution
		Debug|Any CPU = Debug|Any CPU
		Release|Any CPU = Release|Any CPU
	EndGlobalSection
	GlobalSection(ProjectConfigurationPlatforms) = postSolution
		{474611D6-5FD6-4A6B-BA3E-EF0559143C69}.Debug|Any CPU.ActiveCfg = Debug|Any CPU
		{474611D6-5FD6-4A6B-BA3E-EF0559143C69}.Debug|Any CPU.Build.0 = Debug|Any CPU
		{474611D6-5FD6-4A6B-BA3E-EF0559143C69}.Release|Any CPU.ActiveCfg = Release|Any CPU
		{474611D6-5FD6-4A6B-BA3E-EF0559143C69}.Release|Any CPU.Build.0 = Release|Any CPU
	EndGlobalSection
	GlobalSection(SolutionProperties) = preSolution
		HideSolutionNode = FALSE
	EndGlobalSection
	GlobalSection(ExtensibilityGlobals) = postSolution
		SolutionGuid = {1E62D1C4-192F-4D22-A77B-9244A041440F}
	EndGlobalSection
EndGlobal
